
Microsoft Visual Studio Solution File, Format Version 12.00
# Visual Studio 14
VisualStudioVersion = 14.0.25420.1
MinimumVisualStudioVersion = 10.0.40219.1
Project("{FAE04EC0-301F-11D3-BF4B-00C04F79EFBC}") = "WeatherWatch.Droid", "WeatherWatch.Droid\WeatherWatch.Droid.csproj", "{94E07AA1-71CA-4967-AA24-EE3DA8716484}"
EndProject
Project("{FAE04EC0-301F-11D3-BF4B-00C04F79EFBC}") = "WeatherWatch.Core", "WeatherWatch.Core\WeatherWatch.Core.csproj", "{C1FB4C60-0FBF-499C-9ECD-A0D87B643E43}"
EndProject
Global
	GlobalSection(SolutionConfigurationPlatforms) = preSolution
		Debug|Any CPU = Debug|Any CPU
		Release|Any CPU = Release|Any CPU
	EndGlobalSection
	GlobalSection(ProjectConfigurationPlatforms) = postSolution
		{94E07AA1-71CA-4967-AA24-EE3DA8716484}.Debug|Any CPU.ActiveCfg = Debug|Any CPU
		{94E07AA1-71CA-4967-AA24-EE3DA8716484}.Debug|Any CPU.Build.0 = Debug|Any CPU
		{94E07AA1-71CA-4967-AA24-EE3DA8716484}.Debug|Any CPU.Deploy.0 = Debug|Any CPU
		{94E07AA1-71CA-4967-AA24-EE3DA8716484}.Release|Any CPU.ActiveCfg = Release|Any CPU
		{94E07AA1-71CA-4967-AA24-EE3DA8716484}.Release|Any CPU.Build.0 = Release|Any CPU
		{94E07AA1-71CA-4967-AA24-EE3DA8716484}.Release|Any CPU.Deploy.0 = Release|Any CPU
		{C1FB4C60-0FBF-499C-9ECD-A0D87B643E43}.Debug|Any CPU.ActiveCfg = Debug|Any CPU
		{C1FB4C60-0FBF-499C-9ECD-A0D87B643E43}.Debug|Any CPU.Build.0 = Debug|Any CPU
		{C1FB4C60-0FBF-499C-9ECD-A0D87B643E43}.Release|Any CPU.ActiveCfg = Release|Any CPU
		{C1FB4C60-0FBF-499C-9ECD-A0D87B643E43}.Release|Any CPU.Build.0 = Release|Any CPU
	EndGlobalSection
	GlobalSection(SolutionProperties) = preSolution
		HideSolutionNode = FALSE
	EndGlobalSection
EndGlobal
